// !$*UTF8*$!
{
	archiveVersion = 1;
	classes = {
	};
	objectVersion = 77;
	objects = {

/* Begin PBXBuildFile section */
		02A4CF3B6309F43FBE2E65FA /* PlayerSurfaceView.swift in Sources */ = {isa = PBXBuildFile; fileRef = 8D8037F9E91B5A18423B067C /* PlayerSurfaceView.swift */; };
		28D9756EF2EF238D20B33056 /* SubscriptionStore.swift in Sources */ = {isa = PBXBuildFile; fileRef = 1E07164A301E8AADE637B3BE /* SubscriptionStore.swift */; };
		3F1D31F15EB387BD5053672A /* YourPipeApp.swift in Sources */ = {isa = PBXBuildFile; fileRef = 34388516DEBC7761A5750A24 /* YourPipeApp.swift */; };
		4FDC7A652DBF5B2865D6A1CC /* VideoPlaybackScreen.swift in Sources */ = {isa = PBXBuildFile; fileRef = AF5D4C97EB6993D62B6D65B2 /* VideoPlaybackScreen.swift */; };
		5FF14FF66AC3149E72A19056 /* Assets.xcassets in Resources */ = {isa = PBXBuildFile; fileRef = F817A13A10F29661CE1CD04C /* Assets.xcassets */; };
		60FCA8C89CBEB18FD42E1627 /* ContentView.swift in Sources */ = {isa = PBXBuildFile; fileRef = C3C82A9E0B6B60BBAB22FD2C /* ContentView.swift */; };
		70136AAE16253F817E1D045E /* PlaybackController.swift in Sources */ = {isa = PBXBuildFile; fileRef = BCBD0D7FCD7CA7B871237220 /* PlaybackController.swift */; };
		9FBA40B68FF6C9F9D7CD5F5B /* Preview Assets.xcassets in Resources */ = {isa = PBXBuildFile; fileRef = 3C1578EB60712D3CF0553DFD /* Preview Assets.xcassets */; };
		A3E3127385F838AACB115F90 /* YouTubePlaybackService.swift in Sources */ = {isa = PBXBuildFile; fileRef = 46139578BAAAA6C1A99AB805 /* YouTubePlaybackService.swift */; };
		AC07F894CDBA6F848D3DFF34 /* SearchViewModel.swift in Sources */ = {isa = PBXBuildFile; fileRef = 3611262B456958F6B4DAE3F1 /* SearchViewModel.swift */; };
		C8AF736F8C29401355B52EA8 /* YouTubeSearchModels.swift in Sources */ = {isa = PBXBuildFile; fileRef = 6270D5381961FFEB0ECA0147 /* YouTubeSearchModels.swift */; };
		D54B9932B161DA6B14D83E24 /* YouTubeSearchService.swift in Sources */ = {isa = PBXBuildFile; fileRef = 5674F333091F43153657940E /* YouTubeSearchService.swift */; };
		D9BA419A9729ED1319927F97 /* NewVideosViewModel.swift in Sources */ = {isa = PBXBuildFile; fileRef = 24FD54020159337F818EF103 /* NewVideosViewModel.swift */; };
/* End PBXBuildFile section */

/* Begin PBXFileReference section */
		1E07164A301E8AADE637B3BE /* SubscriptionStore.swift */ = {isa = PBXFileReference; lastKnownFileType = sourcecode.swift; path = SubscriptionStore.swift; sourceTree = "<group>"; };
		24FD54020159337F818EF103 /* NewVideosViewModel.swift */ = {isa = PBXFileReference; lastKnownFileType = sourcecode.swift; path = NewVideosViewModel.swift; sourceTree = "<group>"; };
		34388516DEBC7761A5750A24 /* YourPipeApp.swift */ = {isa = PBXFileReference; lastKnownFileType = sourcecode.swift; path = YourPipeApp.swift; sourceTree = "<group>"; };
		3611262B456958F6B4DAE3F1 /* SearchViewModel.swift */ = {isa = PBXFileReference; lastKnownFileType = sourcecode.swift; path = SearchViewModel.swift; sourceTree = "<group>"; };
		3C1578EB60712D3CF0553DFD /* Preview Assets.xcassets */ = {isa = PBXFileReference; lastKnownFileType = folder.assetcatalog; path = "Preview Assets.xcassets"; sourceTree = "<group>"; };
		46139578BAAAA6C1A99AB805 /* YouTubePlaybackService.swift */ = {isa = PBXFileReference; lastKnownFileType = sourcecode.swift; path = YouTubePlaybackService.swift; sourceTree = "<group>"; };
		5674F333091F43153657940E /* YouTubeSearchService.swift */ = {isa = PBXFileReference; lastKnownFileType = sourcecode.swift; path = YouTubeSearchService.swift; sourceTree = "<group>"; };
		6270D5381961FFEB0ECA0147 /* YouTubeSearchModels.swift */ = {isa = PBXFileReference; lastKnownFileType = sourcecode.swift; path = YouTubeSearchModels.swift; sourceTree = "<group>"; };
		8D8037F9E91B5A18423B067C /* PlayerSurfaceView.swift */ = {isa = PBXFileReference; lastKnownFileType = sourcecode.swift; path = PlayerSurfaceView.swift; sourceTree = "<group>"; };
		9137F60E86CDEA84BE7AE911 /* YourPipe.app */ = {isa = PBXFileReference; includeInIndex = 0; lastKnownFileType = wrapper.application; path = YourPipe.app; sourceTree = BUILT_PRODUCTS_DIR; };
		AF5D4C97EB6993D62B6D65B2 /* VideoPlaybackScreen.swift */ = {isa = PBXFileReference; lastKnownFileType = sourcecode.swift; path = VideoPlaybackScreen.swift; sourceTree = "<group>"; };
		BCBD0D7FCD7CA7B871237220 /* PlaybackController.swift */ = {isa = PBXFileReference; lastKnownFileType = sourcecode.swift; path = PlaybackController.swift; sourceTree = "<group>"; };
		C3C82A9E0B6B60BBAB22FD2C /* ContentView.swift */ = {isa = PBXFileReference; lastKnownFileType = sourcecode.swift; path = ContentView.swift; sourceTree = "<group>"; };
		E19281EF564427E6F0DDEA7B /* Info.plist */ = {isa = PBXFileReference; lastKnownFileType = text.plist; path = Info.plist; sourceTree = "<group>"; };
		F817A13A10F29661CE1CD04C /* Assets.xcassets */ = {isa = PBXFileReference; lastKnownFileType = folder.assetcatalog; path = Assets.xcassets; sourceTree = "<group>"; };
/* End PBXFileReference section */

/* Begin PBXGroup section */
		078F81F042EC98487BA9CCAA /* Preview Content */ = {
			isa = PBXGroup;
			children = (
				3C1578EB60712D3CF0553DFD /* Preview Assets.xcassets */,
			);
			path = "Preview Content";
			sourceTree = "<group>";
		};
		12F010CE47549E32E5C11A73 = {
			isa = PBXGroup;
			children = (
				3EEED348B6E541F67C22D929 /* YourPipe */,
				CE42092B9E66394C6C0076B9 /* Products */,
			);
			sourceTree = "<group>";
		};
		3EEED348B6E541F67C22D929 /* YourPipe */ = {
			isa = PBXGroup;
			children = (
				F817A13A10F29661CE1CD04C /* Assets.xcassets */,
				C3C82A9E0B6B60BBAB22FD2C /* ContentView.swift */,
				E19281EF564427E6F0DDEA7B /* Info.plist */,
				24FD54020159337F818EF103 /* NewVideosViewModel.swift */,
				BCBD0D7FCD7CA7B871237220 /* PlaybackController.swift */,
				8D8037F9E91B5A18423B067C /* PlayerSurfaceView.swift */,
				3611262B456958F6B4DAE3F1 /* SearchViewModel.swift */,
				1E07164A301E8AADE637B3BE /* SubscriptionStore.swift */,
				AF5D4C97EB6993D62B6D65B2 /* VideoPlaybackScreen.swift */,
				34388516DEBC7761A5750A24 /* YourPipeApp.swift */,
				46139578BAAAA6C1A99AB805 /* YouTubePlaybackService.swift */,
				6270D5381961FFEB0ECA0147 /* YouTubeSearchModels.swift */,
				5674F333091F43153657940E /* YouTubeSearchService.swift */,
				078F81F042EC98487BA9CCAA /* Preview Content */,
			);
			path = YourPipe;
			sourceTree = "<group>";
		};
		CE42092B9E66394C6C0076B9 /* Products */ = {
			isa = PBXGroup;
			children = (
				9137F60E86CDEA84BE7AE911 /* YourPipe.app */,
			);
			name = Products;
			sourceTree = "<group>";
		};
/* End PBXGroup section */

/* Begin PBXNativeTarget section */
		CA8F95520F958BAE6E8334C1 /* YourPipe */ = {
			isa = PBXNativeTarget;
			buildConfigurationList = B57C35D253656DEDDBCBF69A /* Build configuration list for PBXNativeTarget "YourPipe" */;
			buildPhases = (
				C3DCEBA3BDBF129CF377A633 /* Sources */,
				20E7AA1E5E138F142687417C /* Resources */,
			);
			buildRules = (
			);
			dependencies = (
			);
			name = YourPipe;
			packageProductDependencies = (
			);
			productName = YourPipe;
			productReference = 9137F60E86CDEA84BE7AE911 /* YourPipe.app */;
			productType = "com.apple.product-type.application";
		};
/* End PBXNativeTarget section */

/* Begin PBXProject section */
		7F7873631F88F8B88253B63A /* Project object */ = {
			isa = PBXProject;
			attributes = {
				BuildIndependentTargetsInParallel = YES;
				LastUpgradeCheck = 1430;
				TargetAttributes = {
					CA8F95520F958BAE6E8334C1 = {
						ProvisioningStyle = Automatic;
					};
				};
			};
			buildConfigurationList = 7A9C3D2856886A3D96C67C57 /* Build configuration list for PBXProject "YourPipe" */;
			compatibilityVersion = "Xcode 14.0";
			developmentRegion = en;
			hasScannedForEncodings = 0;
			knownRegions = (
				Base,
				en,
			);
			mainGroup = 12F010CE47549E32E5C11A73;
			minimizedProjectReferenceProxies = 1;
			preferredProjectObjectVersion = 77;
			projectDirPath = "";
			projectRoot = "";
			targets = (
				CA8F95520F958BAE6E8334C1 /* YourPipe */,
			);
		};
/* End PBXProject section */

/* Begin PBXResourcesBuildPhase section */
		20E7AA1E5E138F142687417C /* Resources */ = {
			isa = PBXResourcesBuildPhase;
			buildActionMask = 2147483647;
			files = (
				5FF14FF66AC3149E72A19056 /* Assets.xcassets in Resources */,
				9FBA40B68FF6C9F9D7CD5F5B /* Preview Assets.xcassets in Resources */,
			);
			runOnlyForDeploymentPostprocessing = 0;
		};
/* End PBXResourcesBuildPhase section */

/* Begin PBXSourcesBuildPhase section */
		C3DCEBA3BDBF129CF377A633 /* Sources */ = {
			isa = PBXSourcesBuildPhase;
			buildActionMask = 2147483647;
			files = (
				60FCA8C89CBEB18FD42E1627 /* ContentView.swift in Sources */,
				D9BA419A9729ED1319927F97 /* NewVideosViewModel.swift in Sources */,
				70136AAE16253F817E1D045E /* PlaybackController.swift in Sources */,
				02A4CF3B6309F43FBE2E65FA /* PlayerSurfaceView.swift in Sources */,
				AC07F894CDBA6F848D3DFF34 /* SearchViewModel.swift in Sources */,
				28D9756EF2EF238D20B33056 /* SubscriptionStore.swift in Sources */,
				4FDC7A652DBF5B2865D6A1CC /* VideoPlaybackScreen.swift in Sources */,
				A3E3127385F838AACB115F90 /* YouTubePlaybackService.swift in Sources */,
				C8AF736F8C29401355B52EA8 /* YouTubeSearchModels.swift in Sources */,
				D54B9932B161DA6B14D83E24 /* YouTubeSearchService.swift in Sources */,
				3F1D31F15EB387BD5053672A /* YourPipeApp.swift in Sources */,
			);
			runOnlyForDeploymentPostprocessing = 0;
		};
/* End PBXSourcesBuildPhase section */

/* Begin XCBuildConfiguration section */
		165BE65F4212D51179C191E7 /* Debug */ = {
			isa = XCBuildConfiguration;
			buildSettings = {
				ALWAYS_SEARCH_USER_PATHS = NO;
				CLANG_ANALYZER_NONNULL = YES;
				CLANG_ANALYZER_NUMBER_OBJECT_CONVERSION = YES_AGGRESSIVE;
				CLANG_CXX_LANGUAGE_STANDARD = "gnu++14";
				CLANG_CXX_LIBRARY = "libc++";
				CLANG_ENABLE_MODULES = YES;
				CLANG_ENABLE_OBJC_ARC = YES;
				CLANG_ENABLE_OBJC_WEAK = YES;
				CLANG_WARN_BLOCK_CAPTURE_AUTORELEASING = YES;
				CLANG_WARN_BOOL_CONVERSION = YES;
				CLANG_WARN_COMMA = YES;
				CLANG_WARN_CONSTANT_CONVERSION = YES;
				CLANG_WARN_DEPRECATED_OBJC_IMPLEMENTATIONS = YES;
				CLANG_WARN_DIRECT_OBJC_ISA_USAGE = YES_ERROR;
				CLANG_WARN_DOCUMENTATION_COMMENTS = YES;
				CLANG_WARN_EMPTY_BODY = YES;
				CLANG_WARN_ENUM_CONVERSION = YES;
				CLANG_WARN_INFINITE_RECURSION = YES;
				CLANG_WARN_INT_CONVERSION = YES;
				CLANG_WARN_NON_LITERAL_NULL_CONVERSION = YES;
				CLANG_WARN_OBJC_IMPLICIT_RETAIN_SELF = YES;
				CLANG_WARN_OBJC_LITERAL_CONVERSION = YES;
				CLANG_WARN_OBJC_ROOT_CLASS = YES_ERROR;
				CLANG_WARN_QUOTED_INCLUDE_IN_FRAMEWORK_HEADER = YES;
				CLANG_WARN_RANGE_LOOP_ANALYSIS = YES;
				CLANG_WARN_STRICT_PROTOTYPES = YES;
				CLANG_WARN_SUSPICIOUS_MOVE = YES;
				CLANG_WARN_UNGUARDED_AVAILABILITY = YES_AGGRESSIVE;
				CLANG_WARN_UNREACHABLE_CODE = YES;
				CLANG_WARN__DUPLICATE_METHOD_MATCH = YES;
				COPY_PHASE_STRIP = NO;
				CURRENT_PROJECT_VERSION = 1;
				DEBUG_INFORMATION_FORMAT = dwarf;
				ENABLE_STRICT_OBJC_MSGSEND = YES;
				ENABLE_TESTABILITY = YES;
				GCC_C_LANGUAGE_STANDARD = gnu11;
				GCC_DYNAMIC_NO_PIC = NO;
				GCC_NO_COMMON_BLOCKS = YES;
				GCC_OPTIMIZATION_LEVEL = 0;
				GCC_PREPROCESSOR_DEFINITIONS = (
					"$(inherited)",
					"DEBUG=1",
				);
				GCC_WARN_64_TO_32_BIT_CONVERSION = YES;
				GCC_WARN_ABOUT_RETURN_TYPE = YES_ERROR;
				GCC_WARN_UNDECLARED_SELECTOR = YES;
				GCC_WARN_UNINITIALIZED_AUTOS = YES_AGGRESSIVE;
				GCC_WARN_UNUSED_FUNCTION = YES;
				GCC_WARN_UNUSED_VARIABLE = YES;
				IPHONEOS_DEPLOYMENT_TARGET = 16.0;
				MARKETING_VERSION = 1.0;
				MTL_ENABLE_DEBUG_INFO = INCLUDE_SOURCE;
				MTL_FAST_MATH = YES;
				ONLY_ACTIVE_ARCH = YES;
				PRODUCT_NAME = "$(TARGET_NAME)";
				SDKROOT = iphoneos;
				SWIFT_ACTIVE_COMPILATION_CONDITIONS = DEBUG;
				SWIFT_OPTIMIZATION_LEVEL = "-Onone";
				SWIFT_VERSION = 5.0;
			};
			name = Debug;
		};
		36AC5C69A1A38E073EA5438F /* Release */ = {
			isa = XCBuildConfiguration;
			buildSettings = {
				ASSETCATALOG_COMPILER_APPICON_NAME = AppIcon;
				ASSETCATALOG_COMPILER_GLOBAL_ACCENT_COLOR_NAME = AccentColor;
				CODE_SIGN_IDENTITY = "iPhone Developer";
				CODE_SIGN_STYLE = Automatic;
				DEVELOPMENT_ASSET_PATHS = "\"YourPipe/Preview Content\"";
				GENERATE_INFOPLIST_FILE = NO;
				INFOPLIST_FILE = YourPipe/Info.plist;
				INFOPLIST_KEY_LSRequiresIPhoneOS = YES;
				INFOPLIST_KEY_UILaunchScreen_Generation = YES;
				INFOPLIST_KEY_UIRequiresFullScreen = YES;
				INFOPLIST_KEY_UISupportedInterfaceOrientations = UIInterfaceOrientationPortrait;
				INFOPLIST_KEY_UISupportedInterfaceOrientations_iPad = UIInterfaceOrientationPortrait;
				LD_RUNPATH_SEARCH_PATHS = (
					"$(inherited)",
					"@executable_path/Frameworks",
				);
				PRODUCT_BUNDLE_IDENTIFIER = com.yourpipe.app;
				SDKROOT = iphoneos;
				TARGETED_DEVICE_FAMILY = 1;
			};
			name = Release;
		};
		A192E51149E8DD4285FE0DE5 /* Release */ = {
			isa = XCBuildConfiguration;
			buildSettings = {
				ALWAYS_SEARCH_USER_PATHS = NO;
				CLANG_ANALYZER_NONNULL = YES;
				CLANG_ANALYZER_NUMBER_OBJECT_CONVERSION = YES_AGGRESSIVE;
				CLANG_CXX_LANGUAGE_STANDARD = "gnu++14";
				CLANG_CXX_LIBRARY = "libc++";
				CLANG_ENABLE_MODULES = YES;
				CLANG_ENABLE_OBJC_ARC = YES;
				CLANG_ENABLE_OBJC_WEAK = YES;
				CLANG_WARN_BLOCK_CAPTURE_AUTORELEASING = YES;
				CLANG_WARN_BOOL_CONVERSION = YES;
				CLANG_WARN_COMMA = YES;
				CLANG_WARN_CONSTANT_CONVERSION = YES;
				CLANG_WARN_DEPRECATED_OBJC_IMPLEMENTATIONS = YES;
				CLANG_WARN_DIRECT_OBJC_ISA_USAGE = YES_ERROR;
				CLANG_WARN_DOCUMENTATION_COMMENTS = YES;
				CLANG_WARN_EMPTY_BODY = YES;
				CLANG_WARN_ENUM_CONVERSION = YES;
				CLANG_WARN_INFINITE_RECURSION = YES;
				CLANG_WARN_INT_CONVERSION = YES;
				CLANG_WARN_NON_LITERAL_NULL_CONVERSION = YES;
				CLANG_WARN_OBJC_IMPLICIT_RETAIN_SELF = YES;
				CLANG_WARN_OBJC_LITERAL_CONVERSION = YES;
				CLANG_WARN_OBJC_ROOT_CLASS = YES_ERROR;
				CLANG_WARN_QUOTED_INCLUDE_IN_FRAMEWORK_HEADER = YES;
				CLANG_WARN_RANGE_LOOP_ANALYSIS = YES;
				CLANG_WARN_STRICT_PROTOTYPES = YES;
				CLANG_WARN_SUSPICIOUS_MOVE = YES;
				CLANG_WARN_UNGUARDED_AVAILABILITY = YES_AGGRESSIVE;
				CLANG_WARN_UNREACHABLE_CODE = YES;
				CLANG_WARN__DUPLICATE_METHOD_MATCH = YES;
				COPY_PHASE_STRIP = NO;
				CURRENT_PROJECT_VERSION = 1;
				DEBUG_INFORMATION_FORMAT = "dwarf-with-dsym";
				ENABLE_NS_ASSERTIONS = NO;
				ENABLE_STRICT_OBJC_MSGSEND = YES;
				GCC_C_LANGUAGE_STANDARD = gnu11;
				GCC_NO_COMMON_BLOCKS = YES;
				GCC_WARN_64_TO_32_BIT_CONVERSION = YES;
				GCC_WARN_ABOUT_RETURN_TYPE = YES_ERROR;
				GCC_WARN_UNDECLARED_SELECTOR = YES;
				GCC_WARN_UNINITIALIZED_AUTOS = YES_AGGRESSIVE;
				GCC_WARN_UNUSED_FUNCTION = YES;
				GCC_WARN_UNUSED_VARIABLE = YES;
				IPHONEOS_DEPLOYMENT_TARGET = 16.0;
				MARKETING_VERSION = 1.0;
				MTL_ENABLE_DEBUG_INFO = NO;
				MTL_FAST_MATH = YES;
				PRODUCT_NAME = "$(TARGET_NAME)";
				SDKROOT = iphoneos;
				SWIFT_COMPILATION_MODE = wholemodule;
				SWIFT_OPTIMIZATION_LEVEL = "-O";
				SWIFT_VERSION = 5.0;
			};
			name = Release;
		};
		BF9072644DF624AFA77CE24D /* Debug */ = {
			isa = XCBuildConfiguration;
			buildSettings = {
				ASSETCATALOG_COMPILER_APPICON_NAME = AppIcon;
				ASSETCATALOG_COMPILER_GLOBAL_ACCENT_COLOR_NAME = AccentColor;
				CODE_SIGN_IDENTITY = "iPhone Developer";
				CODE_SIGN_STYLE = Automatic;
				DEVELOPMENT_ASSET_PATHS = "\"YourPipe/Preview Content\"";
				GENERATE_INFOPLIST_FILE = NO;
				INFOPLIST_FILE = YourPipe/Info.plist;
				INFOPLIST_KEY_LSRequiresIPhoneOS = YES;
				INFOPLIST_KEY_UILaunchScreen_Generation = YES;
				INFOPLIST_KEY_UIRequiresFullScreen = YES;
				INFOPLIST_KEY_UISupportedInterfaceOrientations = UIInterfaceOrientationPortrait;
				INFOPLIST_KEY_UISupportedInterfaceOrientations_iPad = UIInterfaceOrientationPortrait;
				LD_RUNPATH_SEARCH_PATHS = (
					"$(inherited)",
					"@executable_path/Frameworks",
				);
				PRODUCT_BUNDLE_IDENTIFIER = com.yourpipe.app;
				SDKROOT = iphoneos;
				TARGETED_DEVICE_FAMILY = 1;
			};
			name = Debug;
		};
/* End XCBuildConfiguration section */

/* Begin XCConfigurationList section */
		7A9C3D2856886A3D96C67C57 /* Build configuration list for PBXProject "YourPipe" */ = {
			isa = XCConfigurationList;
			buildConfigurations = (
				165BE65F4212D51179C191E7 /* Debug */,
				A192E51149E8DD4285FE0DE5 /* Release */,
			);
			defaultConfigurationIsVisible = 0;
			defaultConfigurationName = Debug;
		};
		B57C35D253656DEDDBCBF69A /* Build configuration list for PBXNativeTarget "YourPipe" */ = {
			isa = XCConfigurationList;
			buildConfigurations = (
				BF9072644DF624AFA77CE24D /* Debug */,
				36AC5C69A1A38E073EA5438F /* Release */,
			);
			defaultConfigurationIsVisible = 0;
			defaultConfigurationName = Debug;
		};
/* End XCConfigurationList section */
	};
	rootObject = 7F7873631F88F8B88253B63A /* Project object */;
}
